
Microsoft Visual Studio Solution File, Format Version 12.00
# Visual Studio Version 17
VisualStudioVersion = 17.0.32126.317
MinimumVisualStudioVersion = 10.0.40219.1
Project("{FAE04EC0-301F-11D3-BF4B-00C04F79EFBC}") = "SalesWebMvc", "SalesWebMvc\SalesWebMvc.csproj", "{86C677FF-A31E-4D90-8918-54783137AEA1}"
EndProject
Global
	GlobalSection(SolutionConfigurationPlatforms) = preSolution
		Debug|Any CPU = Debug|Any CPU
		Release|Any CPU = Release|Any CPU
	EndGlobalSection
	GlobalSection(ProjectConfigurationPlatforms) = postSolution
		{86C677FF-A31E-4D90-8918-54783137AEA1}.Debug|Any CPU.ActiveCfg = Debug|Any CPU
		{86C677FF-A31E-4D90-8918-54783137AEA1}.Debug|Any CPU.Build.0 = Debug|Any CPU
		{86C677FF-A31E-4D90-8918-54783137AEA1}.Release|Any CPU.ActiveCfg = Release|Any CPU
		{86C677FF-A31E-4D90-8918-54783137AEA1}.Release|Any CPU.Build.0 = Release|Any CPU
	EndGlobalSection
	GlobalSection(SolutionProperties) = preSolution
		HideSolutionNode = FALSE
	EndGlobalSection
	GlobalSection(ExtensibilityGlobals) = postSolution
		SolutionGuid = {290B74D2-7C72-409E-943D-5AF4DEFC0DBE}
	EndGlobalSection
EndGlobal
